
Microsoft Visual Studio Solution File, Format Version 12.00
# Visual Studio Version 17
VisualStudioVersion = 17.10.35013.160
MinimumVisualStudioVersion = 10.0.40219.1
Project("{FAE04EC0-301F-11D3-BF4B-00C04F79EFBC}") = "StackoverflowDb", "StackoverflowDb\StackoverflowDb.csproj", "{80DFBC1E-98DD-4592-9E2D-99807451CCCB}"
EndProject
Global
	GlobalSection(SolutionConfigurationPlatforms) = preSolution
		Debug|Any CPU = Debug|Any CPU
		Release|Any CPU = Release|Any CPU
	EndGlobalSection
	GlobalSection(ProjectConfigurationPlatforms) = postSolution
		{80DFBC1E-98DD-4592-9E2D-99807451CCCB}.Debug|Any CPU.ActiveCfg = Debug|Any CPU
		{80DFBC1E-98DD-4592-9E2D-99807451CCCB}.Debug|Any CPU.Build.0 = Debug|Any CPU
		{80DFBC1E-98DD-4592-9E2D-99807451CCCB}.Release|Any CPU.ActiveCfg = Release|Any CPU
		{80DFBC1E-98DD-4592-9E2D-99807451CCCB}.Release|Any CPU.Build.0 = Release|Any CPU
	EndGlobalSection
	GlobalSection(SolutionProperties) = preSolution
		HideSolutionNode = FALSE
	EndGlobalSection
	GlobalSection(ExtensibilityGlobals) = postSolution
		SolutionGuid = {0342A645-70A2-4175-9C49-BC7557C45BEB}
	EndGlobalSection
EndGlobal
